<?xml version="1.0" encoding="utf-8"?>
<Project ToolsVersion="4.0" xmlns="http://schemas.microsoft.com/developer/msbuild/2003">
  <ItemGroup>
    <ClCompile Include="gmain.cpp" />
    <ClCompile Include="GAME.cpp" />
    <ClCompile Include="BUILDING.cpp" />
    <ClCompile Include="CLOUDS.cpp" />
    <ClCompile Include="OBSTACLE.cpp" />
    <ClCompile Include="PLAYER.cpp" />
    <ClCompile Include="SCORE.cpp" />
  </ItemGroup>
  <ItemGroup>
    <ResourceCompile Include="resource.rc" />
  </ItemGroup>
  <ItemGroup>
    <ClInclude Include="GAME.h" />
    <ClInclude Include="BUILDING.h" />
    <ClInclude Include="CLOUDS.h" />
    <ClInclude Include="OBSTACLE.h" />
    <ClInclude Include="PLAYER.h" />
    <ClInclude Include="SCORE.h" />
  </ItemGroup>
</Project>