
Microsoft Visual Studio Solution File, Format Version 12.00
# Visual Studio Version 17
VisualStudioVersion = 17.14.36127.28 d17.14
MinimumVisualStudioVersion = 10.0.40219.1
Project("{8BC9CEB8-8B4A-11D0-8D11-00A0C91BC942}") = "skate", "skate.vcxproj", "{ACD6CB8D-9E2D-4D8C-B483-1075B4F3DACE}"
EndProject
Project("{8BC9CEB8-8B4A-11D0-8D11-00A0C91BC942}") = "libOne", "..\libOne\libOne.vcxproj", "{94BF0C4F-AB80-4DD3-8195-D212BC414797}"
EndProject
Global
	GlobalSection(SolutionConfigurationPlatforms) = preSolution
		Debug|x64 = Debug|x64
		Debug|x86 = Debug|x86
		Release|x64 = Release|x64
		Release|x86 = Release|x86
	EndGlobalSection
	GlobalSection(ProjectConfigurationPlatforms) = postSolution
		{ACD6CB8D-9E2D-4D8C-B483-1075B4F3DACE}.Debug|x64.ActiveCfg = Debug|x64
		{ACD6CB8D-9E2D-4D8C-B483-1075B4F3DACE}.Debug|x64.Build.0 = Debug|x64
		{ACD6CB8D-9E2D-4D8C-B483-1075B4F3DACE}.Debug|x86.ActiveCfg = Debug|Win32
		{ACD6CB8D-9E2D-4D8C-B483-1075B4F3DACE}.Debug|x86.Build.0 = Debug|Win32
		{ACD6CB8D-9E2D-4D8C-B483-1075B4F3DACE}.Release|x64.ActiveCfg = Release|x64
		{ACD6CB8D-9E2D-4D8C-B483-1075B4F3DACE}.Release|x64.Build.0 = Release|x64
		{ACD6CB8D-9E2D-4D8C-B483-1075B4F3DACE}.Release|x86.ActiveCfg = Release|Win32
		{ACD6CB8D-9E2D-4D8C-B483-1075B4F3DACE}.Release|x86.Build.0 = Release|Win32
		{94BF0C4F-AB80-4DD3-8195-D212BC414797}.Debug|x64.ActiveCfg = Debug|x64
		{94BF0C4F-AB80-4DD3-8195-D212BC414797}.Debug|x64.Build.0 = Debug|x64
		{94BF0C4F-AB80-4DD3-8195-D212BC414797}.Debug|x86.ActiveCfg = Debug|Win32
		{94BF0C4F-AB80-4DD3-8195-D212BC414797}.Debug|x86.Build.0 = Debug|Win32
		{94BF0C4F-AB80-4DD3-8195-D212BC414797}.Release|x64.ActiveCfg = Release|x64
		{94BF0C4F-AB80-4DD3-8195-D212BC414797}.Release|x64.Build.0 = Release|x64
		{94BF0C4F-AB80-4DD3-8195-D212BC414797}.Release|x86.ActiveCfg = Release|Win32
		{94BF0C4F-AB80-4DD3-8195-D212BC414797}.Release|x86.Build.0 = Release|Win32
	EndGlobalSection
	GlobalSection(SolutionProperties) = preSolution
		HideSolutionNode = FALSE
	EndGlobalSection
	GlobalSection(ExtensibilityGlobals) = postSolution
		SolutionGuid = {1931C379-D3A3-4386-BBEF-D32A01D745DA}
	EndGlobalSection
EndGlobal
